
Microsoft Visual Studio Solution File, Format Version 12.00
# Visual Studio 15
VisualStudioVersion = 15.0.27526.0
MinimumVisualStudioVersion = 10.0.40219.1
Project("{9A19103F-16F7-4668-BE54-9A1E7A4F7556}") = "QuestionApp", "QuestionApp\QuestionApp.csproj", "{7158A546-B3EE-45BC-B467-C4DDF55830EE}"
EndProject
Project("{2150E333-8FDC-42A3-9474-1A3956D46DE8}") = "Solution Items", "Solution Items", "{9C78F53B-7F4A-49E2-9C43-92FEBDC4AC37}"
	ProjectSection(SolutionItems) = preProject
		.editorconfig = .editorconfig
	EndProjectSection
EndProject
Project("{9A19103F-16F7-4668-BE54-9A1E7A4F7556}") = "QuestionApp.Models", "QuestionApp.Models\QuestionApp.Models.csproj", "{7EFB2D6E-3145-4C18-946F-BD883F9C2D67}"
EndProject
Global
	GlobalSection(SolutionConfigurationPlatforms) = preSolution
		Debug|Any CPU = Debug|Any CPU
		Release|Any CPU = Release|Any CPU
	EndGlobalSection
	GlobalSection(ProjectConfigurationPlatforms) = postSolution
		{7158A546-B3EE-45BC-B467-C4DDF55830EE}.Debug|Any CPU.ActiveCfg = Debug|Any CPU
		{7158A546-B3EE-45BC-B467-C4DDF55830EE}.Debug|Any CPU.Build.0 = Debug|Any CPU
		{7158A546-B3EE-45BC-B467-C4DDF55830EE}.Release|Any CPU.ActiveCfg = Release|Any CPU
		{7158A546-B3EE-45BC-B467-C4DDF55830EE}.Release|Any CPU.Build.0 = Release|Any CPU
		{7EFB2D6E-3145-4C18-946F-BD883F9C2D67}.Debug|Any CPU.ActiveCfg = Debug|Any CPU
		{7EFB2D6E-3145-4C18-946F-BD883F9C2D67}.Debug|Any CPU.Build.0 = Debug|Any CPU
		{7EFB2D6E-3145-4C18-946F-BD883F9C2D67}.Release|Any CPU.ActiveCfg = Release|Any CPU
		{7EFB2D6E-3145-4C18-946F-BD883F9C2D67}.Release|Any CPU.Build.0 = Release|Any CPU
	EndGlobalSection
	GlobalSection(SolutionProperties) = preSolution
		HideSolutionNode = FALSE
	EndGlobalSection
	GlobalSection(ExtensibilityGlobals) = postSolution
		SolutionGuid = {BD07A314-06AB-4127-925B-5E2B81740129}
	EndGlobalSection
EndGlobal
