
Microsoft Visual Studio Solution File, Format Version 12.00
# Visual Studio 15
VisualStudioVersion = 15.0.27428.2015
MinimumVisualStudioVersion = 10.0.40219.1
Project("{FAE04EC0-301F-11D3-BF4B-00C04F79EFBC}") = "FileProcessor", "FileProcessor\FileProcessor.csproj", "{483BE254-5C5E-4A72-A591-EE2E50452825}"
EndProject
Global
	GlobalSection(SolutionConfigurationPlatforms) = preSolution
		Debug|Any CPU = Debug|Any CPU
		Release|Any CPU = Release|Any CPU
	EndGlobalSection
	GlobalSection(ProjectConfigurationPlatforms) = postSolution
		{483BE254-5C5E-4A72-A591-EE2E50452825}.Debug|Any CPU.ActiveCfg = Debug|Any CPU
		{483BE254-5C5E-4A72-A591-EE2E50452825}.Debug|Any CPU.Build.0 = Debug|Any CPU
		{483BE254-5C5E-4A72-A591-EE2E50452825}.Release|Any CPU.ActiveCfg = Release|Any CPU
		{483BE254-5C5E-4A72-A591-EE2E50452825}.Release|Any CPU.Build.0 = Release|Any CPU
	EndGlobalSection
	GlobalSection(SolutionProperties) = preSolution
		HideSolutionNode = FALSE
	EndGlobalSection
	GlobalSection(ExtensibilityGlobals) = postSolution
		SolutionGuid = {DEBEF20C-3868-495C-A74F-EAB5E7A04D16}
	EndGlobalSection
EndGlobal
